
Microsoft Visual Studio Solution File, Format Version 12.00
# Visual Studio Version 17
VisualStudioVersion = 17.2.32630.192
MinimumVisualStudioVersion = 10.0.40219.1
Project("{FAE04EC0-301F-11D3-BF4B-00C04F79EFBC}") = "school", "school\school.csproj", "{29540059-D8D8-470D-927F-82894CE2B3CF}"
EndProject
Global
	GlobalSection(SolutionConfigurationPlatforms) = preSolution
		Debug|Any CPU = Debug|Any CPU
		Release|Any CPU = Release|Any CPU
	EndGlobalSection
	GlobalSection(ProjectConfigurationPlatforms) = postSolution
		{29540059-D8D8-470D-927F-82894CE2B3CF}.Debug|Any CPU.ActiveCfg = Debug|Any CPU
		{29540059-D8D8-470D-927F-82894CE2B3CF}.Debug|Any CPU.Build.0 = Debug|Any CPU
		{29540059-D8D8-470D-927F-82894CE2B3CF}.Release|Any CPU.ActiveCfg = Release|Any CPU
		{29540059-D8D8-470D-927F-82894CE2B3CF}.Release|Any CPU.Build.0 = Release|Any CPU
	EndGlobalSection
	GlobalSection(SolutionProperties) = preSolution
		HideSolutionNode = FALSE
	EndGlobalSection
	GlobalSection(ExtensibilityGlobals) = postSolution
		SolutionGuid = {929DD64E-B6D7-41FA-9B2E-7343F15982F4}
	EndGlobalSection
EndGlobal
